
Microsoft Visual Studio Solution File, Format Version 12.00
# Visual Studio Version 17
VisualStudioVersion = 17.5.33530.505
MinimumVisualStudioVersion = 10.0.40219.1
Project("{FAE04EC0-301F-11D3-BF4B-00C04F79EFBC}") = "Laboratorio_10", "Laboratorio_10\Laboratorio_10.csproj", "{F399A0BA-71D7-48A2-9D41-A1ED07C8C495}"
EndProject
Global
	GlobalSection(SolutionConfigurationPlatforms) = preSolution
		Debug|Any CPU = Debug|Any CPU
		Release|Any CPU = Release|Any CPU
	EndGlobalSection
	GlobalSection(ProjectConfigurationPlatforms) = postSolution
		{F399A0BA-71D7-48A2-9D41-A1ED07C8C495}.Debug|Any CPU.ActiveCfg = Debug|Any CPU
		{F399A0BA-71D7-48A2-9D41-A1ED07C8C495}.Debug|Any CPU.Build.0 = Debug|Any CPU
		{F399A0BA-71D7-48A2-9D41-A1ED07C8C495}.Release|Any CPU.ActiveCfg = Release|Any CPU
		{F399A0BA-71D7-48A2-9D41-A1ED07C8C495}.Release|Any CPU.Build.0 = Release|Any CPU
	EndGlobalSection
	GlobalSection(SolutionProperties) = preSolution
		HideSolutionNode = FALSE
	EndGlobalSection
	GlobalSection(ExtensibilityGlobals) = postSolution
		SolutionGuid = {565F3DEB-1DE2-46BB-AED8-9A9D63BAEAD7}
	EndGlobalSection
EndGlobal
